{
  "name": "space-data-network",
  "version": "1.0.0",
  "lockfileVersion": 3,
  "requires": true,
  "packages": {
    "": {
      "name": "space-data-network",
      "version": "1.0.0",
      "license": "MIT",
      "devDependencies": {
        "baseline-browser-mapping": "^2.9.19",
        "flatc-wasm": "^25.12.19-wasm.43"
      }
    },
    "node_modules/baseline-browser-mapping": {
      "version": "2.9.19",
      "resolved": "https://registry.npmjs.org/baseline-browser-mapping/-/baseline-browser-mapping-2.9.19.tgz",
      "integrity": "sha512-ipDqC8FrAl/76p2SSWKSI+H9tFwm7vYqXQrItCuiVPt26Km0jS+NzSsBWAaBusvSbQcfJG+JitdMm+wZAgTYqg==",
      "dev": true,
      "license": "Apache-2.0",
      "bin": {
        "baseline-browser-mapping": "dist/cli.js"
      }
    },
    "node_modules/flatc-wasm": {
      "version": "25.12.19-wasm.43",
      "resolved": "https://registry.npmjs.org/flatc-wasm/-/flatc-wasm-25.12.19-wasm.43.tgz",
      "integrity": "sha512-x4mFZtdFAf6BcKC5n/GPoYWcOfD2e3tXSD4B3MPFpR8aIbvzKoLQCDIKzG5rVj9djT6JiQOEB5ZdYEsj1Qa6jw==",
      "dev": true,
      "license": "Apache-2.0",
      "dependencies": {
        "hd-wallet-wasm": "^1.1.5"
      },
      "engines": {
        "node": ">=18.0.0"
      }
    },
    "node_modules/hd-wallet-wasm": {
      "version": "1.5.4",
      "resolved": "https://registry.npmjs.org/hd-wallet-wasm/-/hd-wallet-wasm-1.5.4.tgz",
      "integrity": "sha512-nki0EZhvcySaLjH1ow+0nsnaCkW1mZIA8eVHHpdRWdKbAqpaElSGrwHSkbLiYdDzE6lQjFuNl3lUWOjx3ISnBQ==",
      "dev": true,
      "license": "Apache-2.0",
      "engines": {
        "node": ">=18.0.0"
      }
    }
  }
}
